
Microsoft Visual Studio Solution File, Format Version 12.00
# Visual Studio Version 17
VisualStudioVersion = 17.1.32228.430
MinimumVisualStudioVersion = 10.0.40219.1
Project("{9A19103F-16F7-4668-BE54-9A1E7A4F7556}") = "Analyzer", "Analyzer\Analyzer.csproj", "{6BD80135-FB5A-40E4-B549-B03F6ACE2857}"
EndProject
Project("{9A19103F-16F7-4668-BE54-9A1E7A4F7556}") = "Analyzer.CodeFixes", "Analyzer.CodeFixes\Analyzer.CodeFixes.csproj", "{7AD66E42-4FED-4E60-A40E-3407D262B247}"
EndProject
Project("{9A19103F-16F7-4668-BE54-9A1E7A4F7556}") = "Analyzer.Package", "Analyzer.Package\Analyzer.Package.csproj", "{F93675A8-9BD5-4C7D-9581-B1F8215739B6}"
EndProject
Project("{9A19103F-16F7-4668-BE54-9A1E7A4F7556}") = "Analyzer.Test", "Analyzer.Test\Analyzer.Test.csproj", "{A4A9A20A-747C-414A-AF85-B857F4EE1EE2}"
EndProject
Project("{9A19103F-16F7-4668-BE54-9A1E7A4F7556}") = "Analyzer.Vsix", "Analyzer.Vsix\Analyzer.Vsix.csproj", "{6A8C55FD-9D75-4C44-8AD9-9731DB535C9C}"
EndProject
Project("{9A19103F-16F7-4668-BE54-9A1E7A4F7556}") = "App", "App\App.csproj", "{4D318264-6D57-4604-B39F-12509601F806}"
EndProject
Project("{FAE04EC0-301F-11D3-BF4B-00C04F79EFBC}") = "Examples", "Examples\Examples.csproj", "{7A46E629-7DFA-433A-A7D2-99EA430D3849}"
EndProject
Global
	GlobalSection(SolutionConfigurationPlatforms) = preSolution
		Debug|Any CPU = Debug|Any CPU
		Release|Any CPU = Release|Any CPU
	EndGlobalSection
	GlobalSection(ProjectConfigurationPlatforms) = postSolution
		{6BD80135-FB5A-40E4-B549-B03F6ACE2857}.Debug|Any CPU.ActiveCfg = Debug|Any CPU
		{6BD80135-FB5A-40E4-B549-B03F6ACE2857}.Debug|Any CPU.Build.0 = Debug|Any CPU
		{6BD80135-FB5A-40E4-B549-B03F6ACE2857}.Release|Any CPU.ActiveCfg = Release|Any CPU
		{6BD80135-FB5A-40E4-B549-B03F6ACE2857}.Release|Any CPU.Build.0 = Release|Any CPU
		{7AD66E42-4FED-4E60-A40E-3407D262B247}.Debug|Any CPU.ActiveCfg = Debug|Any CPU
		{7AD66E42-4FED-4E60-A40E-3407D262B247}.Debug|Any CPU.Build.0 = Debug|Any CPU
		{7AD66E42-4FED-4E60-A40E-3407D262B247}.Release|Any CPU.ActiveCfg = Release|Any CPU
		{7AD66E42-4FED-4E60-A40E-3407D262B247}.Release|Any CPU.Build.0 = Release|Any CPU
		{F93675A8-9BD5-4C7D-9581-B1F8215739B6}.Debug|Any CPU.ActiveCfg = Debug|Any CPU
		{F93675A8-9BD5-4C7D-9581-B1F8215739B6}.Debug|Any CPU.Build.0 = Debug|Any CPU
		{F93675A8-9BD5-4C7D-9581-B1F8215739B6}.Release|Any CPU.ActiveCfg = Release|Any CPU
		{F93675A8-9BD5-4C7D-9581-B1F8215739B6}.Release|Any CPU.Build.0 = Release|Any CPU
		{A4A9A20A-747C-414A-AF85-B857F4EE1EE2}.Debug|Any CPU.ActiveCfg = Debug|Any CPU
		{A4A9A20A-747C-414A-AF85-B857F4EE1EE2}.Debug|Any CPU.Build.0 = Debug|Any CPU
		{A4A9A20A-747C-414A-AF85-B857F4EE1EE2}.Release|Any CPU.ActiveCfg = Release|Any CPU
		{A4A9A20A-747C-414A-AF85-B857F4EE1EE2}.Release|Any CPU.Build.0 = Release|Any CPU
		{6A8C55FD-9D75-4C44-8AD9-9731DB535C9C}.Debug|Any CPU.ActiveCfg = Debug|Any CPU
		{6A8C55FD-9D75-4C44-8AD9-9731DB535C9C}.Debug|Any CPU.Build.0 = Debug|Any CPU
		{6A8C55FD-9D75-4C44-8AD9-9731DB535C9C}.Release|Any CPU.ActiveCfg = Release|Any CPU
		{6A8C55FD-9D75-4C44-8AD9-9731DB535C9C}.Release|Any CPU.Build.0 = Release|Any CPU
		{4D318264-6D57-4604-B39F-12509601F806}.Debug|Any CPU.ActiveCfg = Debug|Any CPU
		{4D318264-6D57-4604-B39F-12509601F806}.Debug|Any CPU.Build.0 = Debug|Any CPU
		{4D318264-6D57-4604-B39F-12509601F806}.Release|Any CPU.ActiveCfg = Release|Any CPU
		{4D318264-6D57-4604-B39F-12509601F806}.Release|Any CPU.Build.0 = Release|Any CPU
		{7A46E629-7DFA-433A-A7D2-99EA430D3849}.Debug|Any CPU.ActiveCfg = Debug|Any CPU
		{7A46E629-7DFA-433A-A7D2-99EA430D3849}.Debug|Any CPU.Build.0 = Debug|Any CPU
		{7A46E629-7DFA-433A-A7D2-99EA430D3849}.Release|Any CPU.ActiveCfg = Release|Any CPU
		{7A46E629-7DFA-433A-A7D2-99EA430D3849}.Release|Any CPU.Build.0 = Release|Any CPU
	EndGlobalSection
	GlobalSection(SolutionProperties) = preSolution
		HideSolutionNode = FALSE
	EndGlobalSection
	GlobalSection(ExtensibilityGlobals) = postSolution
		SolutionGuid = {D6F40D25-949B-403B-8BFE-600480A06873}
	EndGlobalSection
EndGlobal
